
Microsoft Visual Studio Solution File, Format Version 12.00
# Visual Studio Version 17
VisualStudioVersion = 17.4.33213.308
MinimumVisualStudioVersion = 10.0.40219.1
Project("{FAE04EC0-301F-11D3-BF4B-00C04F79EFBC}") = "week6", "week6\week6.csproj", "{E11AE98F-5350-4B64-896F-4F405D9E5542}"
EndProject
Project("{FAE04EC0-301F-11D3-BF4B-00C04F79EFBC}") = "Arrays", "Arrays\Arrays.csproj", "{DB888F41-DABB-419C-9894-99BF58288D69}"
EndProject
Project("{FAE04EC0-301F-11D3-BF4B-00C04F79EFBC}") = "NumberArrays", "NumberArrays\NumberArrays.csproj", "{424E05E6-E909-4381-9272-79084BEBA262}"
EndProject
Project("{FAE04EC0-301F-11D3-BF4B-00C04F79EFBC}") = "RandomElement", "RandomElement\RandomElement.csproj", "{47492542-B02D-4735-B05B-DE24C1D53070}"
EndProject
Global
	GlobalSection(SolutionConfigurationPlatforms) = preSolution
		Debug|Any CPU = Debug|Any CPU
		Release|Any CPU = Release|Any CPU
	EndGlobalSection
	GlobalSection(ProjectConfigurationPlatforms) = postSolution
		{E11AE98F-5350-4B64-896F-4F405D9E5542}.Debug|Any CPU.ActiveCfg = Debug|Any CPU
		{E11AE98F-5350-4B64-896F-4F405D9E5542}.Debug|Any CPU.Build.0 = Debug|Any CPU
		{E11AE98F-5350-4B64-896F-4F405D9E5542}.Release|Any CPU.ActiveCfg = Release|Any CPU
		{E11AE98F-5350-4B64-896F-4F405D9E5542}.Release|Any CPU.Build.0 = Release|Any CPU
		{DB888F41-DABB-419C-9894-99BF58288D69}.Debug|Any CPU.ActiveCfg = Debug|Any CPU
		{DB888F41-DABB-419C-9894-99BF58288D69}.Debug|Any CPU.Build.0 = Debug|Any CPU
		{DB888F41-DABB-419C-9894-99BF58288D69}.Release|Any CPU.ActiveCfg = Release|Any CPU
		{DB888F41-DABB-419C-9894-99BF58288D69}.Release|Any CPU.Build.0 = Release|Any CPU
		{424E05E6-E909-4381-9272-79084BEBA262}.Debug|Any CPU.ActiveCfg = Debug|Any CPU
		{424E05E6-E909-4381-9272-79084BEBA262}.Debug|Any CPU.Build.0 = Debug|Any CPU
		{424E05E6-E909-4381-9272-79084BEBA262}.Release|Any CPU.ActiveCfg = Release|Any CPU
		{424E05E6-E909-4381-9272-79084BEBA262}.Release|Any CPU.Build.0 = Release|Any CPU
		{47492542-B02D-4735-B05B-DE24C1D53070}.Debug|Any CPU.ActiveCfg = Debug|Any CPU
		{47492542-B02D-4735-B05B-DE24C1D53070}.Debug|Any CPU.Build.0 = Debug|Any CPU
		{47492542-B02D-4735-B05B-DE24C1D53070}.Release|Any CPU.ActiveCfg = Release|Any CPU
		{47492542-B02D-4735-B05B-DE24C1D53070}.Release|Any CPU.Build.0 = Release|Any CPU
	EndGlobalSection
	GlobalSection(SolutionProperties) = preSolution
		HideSolutionNode = FALSE
	EndGlobalSection
	GlobalSection(ExtensibilityGlobals) = postSolution
		SolutionGuid = {4AFED90F-369C-4659-AC9C-7A07CACA130B}
	EndGlobalSection
EndGlobal
